<?xml version="1.0" encoding="UTF-8"?>
<Scheme
   version = "1.3">
   <BuildAction>
      <BuildActionEntries>
         <BuildActionEntry
            buildForRunning = "YES">
            <BuildableReference
               BuildableIdentifier = "primary"
               BlueprintIdentifier = "FAB4A28F264B66BF00611FC6"
               BuildableName = "MyMonee-Final.app"
               BlueprintName = "MyMonee-Final"
               ReferencedContainer = "container:MyMonee-Final.xcodeproj">
            </BuildableReference>
         </BuildActionEntry>
      </BuildActionEntries>
   </BuildAction>
   <LaunchAction
      useCustomWorkingDirectory = "NO"
      buildConfiguration = "Debug"
      allowLocationSimulation = "YES">
      <BuildableProductRunnable>
         <BuildableReference
            BuildableIdentifier = "primary"
            BlueprintIdentifier = "FAB4A28F264B66BF00611FC6"
            BuildableName = "MyMonee-Final.app"
            BlueprintName = "MyMonee-Final"
            ReferencedContainer = "container:MyMonee-Final.xcodeproj">
         </BuildableReference>
      </BuildableProductRunnable>
   </LaunchAction>
</Scheme>
